PODS:
  - KDropDownMultipleSelection (1.0.1)
  - MultiStepSlider (2.0)
  - RSSelectionMenu (7.1.3)

DEPENDENCIES:
  - KDropDownMultipleSelection (~> 1.0)
  - MultiStepSlider (~> 2.0)
  - RSSelectionMenu

SPEC REPOS:
  trunk:
    - KDropDownMultipleSelection
    - MultiStepSlider
    - RSSelectionMenu

SPEC CHECKSUMS:
  KDropDownMultipleSelection: 898c2795ab6daf85c2a51c9adc109094f103a8f9
  MultiStepSlider: 62c3762ab85455203d1e85082603ee1c0c3477b3
  RSSelectionMenu: 873d62ebbaef138519f6cf3f073412c2b5d94c2c

PODFILE CHECKSUM: 095d053215b55bfab90920416e5286384f554d98

COCOAPODS: 1.11.3
